{
  "name": "server",
  "version": "1.0.0",
  "lockfileVersion": 1,
  "requires": true,
  "dependencies": {
    "uuid": {
      "version": "7.0.0",
      "resolved": "https://registry.npmjs.org/uuid/-/uuid-7.0.0.tgz",
      "integrity": "sha512-LNUrNsXdI/fUsypJbWM8Jt4DgQdFAZh41p9C7WE9Cn+CULOEkoG2lgQyH68v3wnIy5K3fN4jdSt270K6IFA3MQ=="
    }
  }
}
